
Microsoft Visual Studio Solution File, Format Version 12.00
# Visual Studio 15
VisualStudioVersion = 15.0.27004.2009
MinimumVisualStudioVersion = 10.0.40219.1
Project("{9A19103F-16F7-4668-BE54-9A1E7A4F7556}") = "Store.Web", "Store.Web\Store.Web.csproj", "{C74E17C4-83F6-4A5E-A7DD-5D3A6B1723E4}"
EndProject
Project("{9A19103F-16F7-4668-BE54-9A1E7A4F7556}") = "Store.BusinessServices", "Store.BusinessServices\Store.BusinessServices.csproj", "{B7FAA23F-1A18-45A7-A520-330A690DA592}"
EndProject
Project("{9A19103F-16F7-4668-BE54-9A1E7A4F7556}") = "Store.Data", "Store.Data\Store.Data.csproj", "{68452BD0-F1F9-49C7-9D15-6E5B074962BF}"
EndProject
Project("{9A19103F-16F7-4668-BE54-9A1E7A4F7556}") = "Store.Test", "Store.Test\Store.Test.csproj", "{C74028BF-9AF3-4FF7-91FD-0CFD2952B266}"
EndProject
Project("{00D1A9C2-B5F0-4AF3-8072-F6C62B433612}") = "Store.Database", "Store.Database\Store.Database.sqlproj", "{A283D00D-74CC-462A-955F-C6D74670779C}"
EndProject
Global
	GlobalSection(SolutionConfigurationPlatforms) = preSolution
		Debug|Any CPU = Debug|Any CPU
		Release|Any CPU = Release|Any CPU
	EndGlobalSection
	GlobalSection(ProjectConfigurationPlatforms) = postSolution
		{C74E17C4-83F6-4A5E-A7DD-5D3A6B1723E4}.Debug|Any CPU.ActiveCfg = Debug|Any CPU
		{C74E17C4-83F6-4A5E-A7DD-5D3A6B1723E4}.Debug|Any CPU.Build.0 = Debug|Any CPU
		{C74E17C4-83F6-4A5E-A7DD-5D3A6B1723E4}.Release|Any CPU.ActiveCfg = Release|Any CPU
		{C74E17C4-83F6-4A5E-A7DD-5D3A6B1723E4}.Release|Any CPU.Build.0 = Release|Any CPU
		{B7FAA23F-1A18-45A7-A520-330A690DA592}.Debug|Any CPU.ActiveCfg = Debug|Any CPU
		{B7FAA23F-1A18-45A7-A520-330A690DA592}.Debug|Any CPU.Build.0 = Debug|Any CPU
		{B7FAA23F-1A18-45A7-A520-330A690DA592}.Release|Any CPU.ActiveCfg = Release|Any CPU
		{B7FAA23F-1A18-45A7-A520-330A690DA592}.Release|Any CPU.Build.0 = Release|Any CPU
		{68452BD0-F1F9-49C7-9D15-6E5B074962BF}.Debug|Any CPU.ActiveCfg = Debug|Any CPU
		{68452BD0-F1F9-49C7-9D15-6E5B074962BF}.Debug|Any CPU.Build.0 = Debug|Any CPU
		{68452BD0-F1F9-49C7-9D15-6E5B074962BF}.Release|Any CPU.ActiveCfg = Release|Any CPU
		{68452BD0-F1F9-49C7-9D15-6E5B074962BF}.Release|Any CPU.Build.0 = Release|Any CPU
		{C74028BF-9AF3-4FF7-91FD-0CFD2952B266}.Debug|Any CPU.ActiveCfg = Debug|Any CPU
		{C74028BF-9AF3-4FF7-91FD-0CFD2952B266}.Debug|Any CPU.Build.0 = Debug|Any CPU
		{C74028BF-9AF3-4FF7-91FD-0CFD2952B266}.Release|Any CPU.ActiveCfg = Release|Any CPU
		{C74028BF-9AF3-4FF7-91FD-0CFD2952B266}.Release|Any CPU.Build.0 = Release|Any CPU
		{A283D00D-74CC-462A-955F-C6D74670779C}.Debug|Any CPU.ActiveCfg = Debug|Any CPU
		{A283D00D-74CC-462A-955F-C6D74670779C}.Debug|Any CPU.Build.0 = Debug|Any CPU
		{A283D00D-74CC-462A-955F-C6D74670779C}.Debug|Any CPU.Deploy.0 = Debug|Any CPU
		{A283D00D-74CC-462A-955F-C6D74670779C}.Release|Any CPU.ActiveCfg = Release|Any CPU
		{A283D00D-74CC-462A-955F-C6D74670779C}.Release|Any CPU.Build.0 = Release|Any CPU
		{A283D00D-74CC-462A-955F-C6D74670779C}.Release|Any CPU.Deploy.0 = Release|Any CPU
	EndGlobalSection
	GlobalSection(SolutionProperties) = preSolution
		HideSolutionNode = FALSE
	EndGlobalSection
	GlobalSection(ExtensibilityGlobals) = postSolution
		SolutionGuid = {CECA2E6C-0132-437A-B20F-C03069548F4A}
	EndGlobalSection
EndGlobal
